{
  "requires": true,
  "lockfileVersion": 1,
  "dependencies": {
    "react-device-detect": {
      "version": "2.1.2",
      "resolved": "https://registry.npmjs.org/react-device-detect/-/react-device-detect-2.1.2.tgz",
      "integrity": "sha512-N42xttwez3ECgu4KpOL2ICesdfoz8NCBfmc1rH9FRYSjH7NmMyANPSrQ3EvAtJyj/6TzJNhrANSO38iXjCB2Ug==",
      "requires": {
        "ua-parser-js": "^0.7.30"
      }
    },
    "ua-parser-js": {
      "version": "0.7.31",
      "resolved": "https://registry.npmjs.org/ua-parser-js/-/ua-parser-js-0.7.31.tgz",
      "integrity": "sha512-qLK/Xe9E2uzmYI3qLeOmI0tEOt+TBBQyUIAh4aAgU05FVYzeZrKUdkAZfBNVGRaHVgV0TDkdEngJSw/SyQchkQ=="
    }
  }
}
